Microsoft Visual Studio Solution File, Format Version 12.00
# Visual Studio Version 17
VisualStudioVersion = 17.5.2.0
MinimumVisualStudioVersion = 10.0.40219.1
Project("{FAE04EC0-301F-11D3-BF4B-00C04F79EFBC}") = "dapper-databas-lektion", "dapper-databas-lektion.csproj", "{C1CD33A6-8FF7-E662-D4BD-47EDA4E15C48}"
EndProject
Global
	GlobalSection(SolutionConfigurationPlatforms) = preSolution
		Debug|Any CPU = Debug|Any CPU
		Release|Any CPU = Release|Any CPU
	EndGlobalSection
	GlobalSection(ProjectConfigurationPlatforms) = postSolution
		{C1CD33A6-8FF7-E662-D4BD-47EDA4E15C48}.Debug|Any CPU.ActiveCfg = Debug|Any CPU
		{C1CD33A6-8FF7-E662-D4BD-47EDA4E15C48}.Debug|Any CPU.Build.0 = Debug|Any CPU
		{C1CD33A6-8FF7-E662-D4BD-47EDA4E15C48}.Release|Any CPU.ActiveCfg = Release|Any CPU
		{C1CD33A6-8FF7-E662-D4BD-47EDA4E15C48}.Release|Any CPU.Build.0 = Release|Any CPU
	EndGlobalSection
	GlobalSection(SolutionProperties) = preSolution
		HideSolutionNode = FALSE
	EndGlobalSection
	GlobalSection(ExtensibilityGlobals) = postSolution
		SolutionGuid = {3C8D8784-32AF-4400-A588-FB6BAA1A43FE}
	EndGlobalSection
EndGlobal
